// !$*UTF8*$!
{
	archiveVersion = 1;
	classes = {
	};
	objectVersion = 56;
	objects = {

/* Begin PBXBuildFile section */
		F0AC910F29D6615F002177DE /* AppDelegate.swift in Sources */ = {isa = PBXBuildFile; fileRef = F0AC910E29D6615F002177DE /* AppDelegate.swift */; };
		F0AC911129D6615F002177DE /* SceneDelegate.swift in Sources */ = {isa = PBXBuildFile; fileRef = F0AC911029D6615F002177DE /* SceneDelegate.swift */; };
		F0AC911329D6615F002177DE /* ViewController.swift in Sources */ = {isa = PBXBuildFile; fileRef = F0AC911229D6615F002177DE /* ViewController.swift */; };
		F0AC911629D6615F002177DE /* Main.storyboard in Resources */ = {isa = PBXBuildFile; fileRef = F0AC911429D6615F002177DE /* Main.storyboard */; };
		F0AC911829D66161002177DE /* Assets.xcassets in Resources */ = {isa = PBXBuildFile; fileRef = F0AC911729D66161002177DE /* Assets.xcassets */; };
		F0AC911B29D66161002177DE /* LaunchScreen.storyboard in Resources */ = {isa = PBXBuildFile; fileRef = F0AC911929D66161002177DE /* LaunchScreen.storyboard */; };
		F0AC912429D66449002177DE /* SnapKit in Frameworks */ = {isa = PBXBuildFile; productRef = F0AC912329D66449002177DE /* SnapKit */; };
		F0AC912E29D66A13002177DE /* RickyMortyViewController.swift in Sources */ = {isa = PBXBuildFile; fileRef = F0AC912D29D66A13002177DE /* RickyMortyViewController.swift */; };
		F0AC913029D67042002177DE /* RickyMortyService.swift in Sources */ = {isa = PBXBuildFile; fileRef = F0AC912F29D67042002177DE /* RickyMortyService.swift */; };
		F0AC913229D67056002177DE /* RickyMortyModel.swift in Sources */ = {isa = PBXBuildFile; fileRef = F0AC913129D67056002177DE /* RickyMortyModel.swift */; };
		F0AC913529D67253002177DE /* Alamofire in Frameworks */ = {isa = PBXBuildFile; productRef = F0AC913429D67253002177DE /* Alamofire */; };
		F0AC913829D672AE002177DE /* AlamofireImage in Frameworks */ = {isa = PBXBuildFile; productRef = F0AC913729D672AE002177DE /* AlamofireImage */; };
		F0AC913A29D67614002177DE /* RickyMortyViewModel.swift in Sources */ = {isa = PBXBuildFile; fileRef = F0AC913929D67614002177DE /* RickyMortyViewModel.swift */; };
		F0AC913D29D68093002177DE /* RickyMortyTableViewCell.swift in Sources */ = {isa = PBXBuildFile; fileRef = F0AC913C29D68093002177DE /* RickyMortyTableViewCell.swift */; };
/* End PBXBuildFile section */

/* Begin PBXFileReference section */
		F0AC910B29D6615F002177DE /* RickMortyWithoutSB.app */ = {isa = PBXFileReference; explicitFileType = wrapper.application; includeInIndex = 0; path = RickMortyWithoutSB.app; sourceTree = BUILT_PRODUCTS_DIR; };
		F0AC910E29D6615F002177DE /* AppDelegate.swift */ = {isa = PBXFileReference; lastKnownFileType = sourcecode.swift; path = AppDelegate.swift; sourceTree = "<group>"; };
		F0AC911029D6615F002177DE /* SceneDelegate.swift */ = {isa = PBXFileReference; lastKnownFileType = sourcecode.swift; path = SceneDelegate.swift; sourceTree = "<group>"; };
		F0AC911229D6615F002177DE /* ViewController.swift */ = {isa = PBXFileReference; lastKnownFileType = sourcecode.swift; path = ViewController.swift; sourceTree = "<group>"; };
		F0AC911529D6615F002177DE /* Base */ = {isa = PBXFileReference; lastKnownFileType = file.storyboard; name = Base; path = Base.lproj/Main.storyboard; sourceTree = "<group>"; };
		F0AC911729D66161002177DE /* Assets.xcassets */ = {isa = PBXFileReference; lastKnownFileType = folder.assetcatalog; path = Assets.xcassets; sourceTree = "<group>"; };
		F0AC911A29D66161002177DE /* Base */ = {isa = PBXFileReference; lastKnownFileType = file.storyboard; name = Base; path = Base.lproj/LaunchScreen.storyboard; sourceTree = "<group>"; };
		F0AC911C29D66161002177DE /* Info.plist */ = {isa = PBXFileReference; lastKnownFileType = text.plist.xml; path = Info.plist; sourceTree = "<group>"; };
		F0AC912D29D66A13002177DE /* RickyMortyViewController.swift */ = {isa = PBXFileReference; lastKnownFileType = sourcecode.swift; path = RickyMortyViewController.swift; sourceTree = "<group>"; };
		F0AC912F29D67042002177DE /* RickyMortyService.swift */ = {isa = PBXFileReference; lastKnownFileType = sourcecode.swift; path = RickyMortyService.swift; sourceTree = "<group>"; };
		F0AC913129D67056002177DE /* RickyMortyModel.swift */ = {isa = PBXFileReference; lastKnownFileType = sourcecode.swift; path = RickyMortyModel.swift; sourceTree = "<group>"; };
		F0AC913929D67614002177DE /* RickyMortyViewModel.swift */ = {isa = PBXFileReference; lastKnownFileType = sourcecode.swift; path = RickyMortyViewModel.swift; sourceTree = "<group>"; };
		F0AC913C29D68093002177DE /* RickyMortyTableViewCell.swift */ = {isa = PBXFileReference; lastKnownFileType = sourcecode.swift; path = RickyMortyTableViewCell.swift; sourceTree = "<group>"; };
/* End PBXFileReference section */

/* Begin PBXFrameworksBuildPhase section */
		F0AC910829D6615F002177DE /* Frameworks */ = {
			isa = PBXFrameworksBuildPhase;
			buildActionMask = 2147483647;
			files = (
				F0AC912429D66449002177DE /* SnapKit in Frameworks */,
				F0AC913529D67253002177DE /* Alamofire in Frameworks */,
				F0AC913829D672AE002177DE /* AlamofireImage in Frameworks */,
			);
			runOnlyForDeploymentPostprocessing = 0;
		};
/* End PBXFrameworksBuildPhase section */

/* Begin PBXGroup section */
		F0AC910229D6615F002177DE = {
			isa = PBXGroup;
			children = (
				F0AC910D29D6615F002177DE /* RickMortyWithoutSB */,
				F0AC910C29D6615F002177DE /* Products */,
			);
			sourceTree = "<group>";
		};
		F0AC910C29D6615F002177DE /* Products */ = {
			isa = PBXGroup;
			children = (
				F0AC910B29D6615F002177DE /* RickMortyWithoutSB.app */,
			);
			name = Products;
			sourceTree = "<group>";
		};
		F0AC910D29D6615F002177DE /* RickMortyWithoutSB */ = {
			isa = PBXGroup;
			children = (
				F0AC912729D669B6002177DE /* Features */,
				F0AC912529D66967002177DE /* Core */,
				F0AC911929D66161002177DE /* LaunchScreen.storyboard */,
				F0AC911C29D66161002177DE /* Info.plist */,
			);
			path = RickMortyWithoutSB;
			sourceTree = "<group>";
		};
		F0AC912529D66967002177DE /* Core */ = {
			isa = PBXGroup;
			children = (
				F0AC911029D6615F002177DE /* SceneDelegate.swift */,
				F0AC910E29D6615F002177DE /* AppDelegate.swift */,
				F0AC911229D6615F002177DE /* ViewController.swift */,
				F0AC911429D6615F002177DE /* Main.storyboard */,
				F0AC911729D66161002177DE /* Assets.xcassets */,
			);
			path = Core;
			sourceTree = "<group>";
		};
		F0AC912729D669B6002177DE /* Features */ = {
			isa = PBXGroup;
			children = (
				F0AC912829D669D1002177DE /* RickyMorty */,
			);
			path = Features;
			sourceTree = "<group>";
		};
		F0AC912829D669D1002177DE /* RickyMorty */ = {
			isa = PBXGroup;
			children = (
				F0AC912C29D669F1002177DE /* Service */,
				F0AC912B29D669EC002177DE /* Model */,
				F0AC912A29D669E6002177DE /* ViewModel */,
				F0AC912929D669E0002177DE /* View */,
			);
			path = RickyMorty;
			sourceTree = "<group>";
		};
		F0AC912929D669E0002177DE /* View */ = {
			isa = PBXGroup;
			children = (
				F0AC913B29D68061002177DE /* TableViewCell */,
				F0AC912D29D66A13002177DE /* RickyMortyViewController.swift */,
			);
			path = View;
			sourceTree = "<group>";
		};
		F0AC912A29D669E6002177DE /* ViewModel */ = {
			isa = PBXGroup;
			children = (
				F0AC913929D67614002177DE /* RickyMortyViewModel.swift */,
			);
			path = ViewModel;
			sourceTree = "<group>";
		};
		F0AC912B29D669EC002177DE /* Model */ = {
			isa = PBXGroup;
			children = (
				F0AC913129D67056002177DE /* RickyMortyModel.swift */,
			);
			path = Model;
			sourceTree = "<group>";
		};
		F0AC912C29D669F1002177DE /* Service */ = {
			isa = PBXGroup;
			children = (
				F0AC912F29D67042002177DE /* RickyMortyService.swift */,
			);
			path = Service;
			sourceTree = "<group>";
		};
		F0AC913B29D68061002177DE /* TableViewCell */ = {
			isa = PBXGroup;
			children = (
				F0AC913C29D68093002177DE /* RickyMortyTableViewCell.swift */,
			);
			path = TableViewCell;
			sourceTree = "<group>";
		};
/* End PBXGroup section */

/* Begin PBXNativeTarget section */
		F0AC910A29D6615F002177DE /* RickMortyWithoutSB */ = {
			isa = PBXNativeTarget;
			buildConfigurationList = F0AC911F29D66161002177DE /* Build configuration list for PBXNativeTarget "RickMortyWithoutSB" */;
			buildPhases = (
				F0AC910729D6615F002177DE /* Sources */,
				F0AC910829D6615F002177DE /* Frameworks */,
				F0AC910929D6615F002177DE /* Resources */,
			);
			buildRules = (
			);
			dependencies = (
			);
			name = RickMortyWithoutSB;
			packageProductDependencies = (
				F0AC912329D66449002177DE /* SnapKit */,
				F0AC913429D67253002177DE /* Alamofire */,
				F0AC913729D672AE002177DE /* AlamofireImage */,
			);
			productName = RickMortyWithoutSB;
			productReference = F0AC910B29D6615F002177DE /* RickMortyWithoutSB.app */;
			productType = "com.apple.product-type.application";
		};
/* End PBXNativeTarget section */

/* Begin PBXProject section */
		F0AC910329D6615F002177DE /* Project object */ = {
			isa = PBXProject;
			attributes = {
				BuildIndependentTargetsInParallel = 1;
				LastSwiftUpdateCheck = 1420;
				LastUpgradeCheck = 1420;
				TargetAttributes = {
					F0AC910A29D6615F002177DE = {
						CreatedOnToolsVersion = 14.2;
					};
				};
			};
			buildConfigurationList = F0AC910629D6615F002177DE /* Build configuration list for PBXProject "RickMortyWithoutSB" */;
			compatibilityVersion = "Xcode 14.0";
			developmentRegion = en;
			hasScannedForEncodings = 0;
			knownRegions = (
				en,
				Base,
			);
			mainGroup = F0AC910229D6615F002177DE;
			packageReferences = (
				F0AC912229D66449002177DE /* XCRemoteSwiftPackageReference "SnapKit" */,
				F0AC913329D67253002177DE /* XCRemoteSwiftPackageReference "Alamofire" */,
				F0AC913629D672AE002177DE /* XCRemoteSwiftPackageReference "AlamofireImage" */,
			);
			productRefGroup = F0AC910C29D6615F002177DE /* Products */;
			projectDirPath = "";
			projectRoot = "";
			targets = (
				F0AC910A29D6615F002177DE /* RickMortyWithoutSB */,
			);
		};
/* End PBXProject section */

/* Begin PBXResourcesBuildPhase section */
		F0AC910929D6615F002177DE /* Resources */ = {
			isa = PBXResourcesBuildPhase;
			buildActionMask = 2147483647;
			files = (
				F0AC911B29D66161002177DE /* LaunchScreen.storyboard in Resources */,
				F0AC911829D66161002177DE /* Assets.xcassets in Resources */,
				F0AC911629D6615F002177DE /* Main.storyboard in Resources */,
			);
			runOnlyForDeploymentPostprocessing = 0;
		};
/* End PBXResourcesBuildPhase section */

/* Begin PBXSourcesBuildPhase section */
		F0AC910729D6615F002177DE /* Sources */ = {
			isa = PBXSourcesBuildPhase;
			buildActionMask = 2147483647;
			files = (
				F0AC913D29D68093002177DE /* RickyMortyTableViewCell.swift in Sources */,
				F0AC913A29D67614002177DE /* RickyMortyViewModel.swift in Sources */,
				F0AC913229D67056002177DE /* RickyMortyModel.swift in Sources */,
				F0AC911329D6615F002177DE /* ViewController.swift in Sources */,
				F0AC912E29D66A13002177DE /* RickyMortyViewController.swift in Sources */,
				F0AC910F29D6615F002177DE /* AppDelegate.swift in Sources */,
				F0AC911129D6615F002177DE /* SceneDelegate.swift in Sources */,
				F0AC913029D67042002177DE /* RickyMortyService.swift in Sources */,
			);
			runOnlyForDeploymentPostprocessing = 0;
		};
/* End PBXSourcesBuildPhase section */

/* Begin PBXVariantGroup section */
		F0AC911429D6615F002177DE /* Main.storyboard */ = {
			isa = PBXVariantGroup;
			children = (
				F0AC911529D6615F002177DE /* Base */,
			);
			name = Main.storyboard;
			sourceTree = "<group>";
		};
		F0AC911929D66161002177DE /* LaunchScreen.storyboard */ = {
			isa = PBXVariantGroup;
			children = (
				F0AC911A29D66161002177DE /* Base */,
			);
			name = LaunchScreen.storyboard;
			sourceTree = "<group>";
		};
/* End PBXVariantGroup section */

/* Begin XCBuildConfiguration section */
		F0AC911D29D66161002177DE /* Debug */ = {
			isa = XCBuildConfiguration;
			buildSettings = {
				ALWAYS_SEARCH_USER_PATHS = NO;
				CLANG_ANALYZER_NONNULL = YES;
				CLANG_ANALYZER_NUMBER_OBJECT_CONVERSION = YES_AGGRESSIVE;
				CLANG_CXX_LANGUAGE_STANDARD = "gnu++20";
				CLANG_ENABLE_MODULES = YES;
				CLANG_ENABLE_OBJC_ARC = YES;
				CLANG_ENABLE_OBJC_WEAK = YES;
				CLANG_WARN_BLOCK_CAPTURE_AUTORELEASING = YES;
				CLANG_WARN_BOOL_CONVERSION = YES;
				CLANG_WARN_COMMA = YES;
				CLANG_WARN_CONSTANT_CONVERSION = YES;
				CLANG_WARN_DEPRECATED_OBJC_IMPLEMENTATIONS = YES;
				CLANG_WARN_DIRECT_OBJC_ISA_USAGE = YES_ERROR;
				CLANG_WARN_DOCUMENTATION_COMMENTS = YES;
				CLANG_WARN_EMPTY_BODY = YES;
				CLANG_WARN_ENUM_CONVERSION = YES;
				CLANG_WARN_INFINITE_RECURSION = YES;
				CLANG_WARN_INT_CONVERSION = YES;
				CLANG_WARN_NON_LITERAL_NULL_CONVERSION = YES;
				CLANG_WARN_OBJC_IMPLICIT_RETAIN_SELF = YES;
				CLANG_WARN_OBJC_LITERAL_CONVERSION = YES;
				CLANG_WARN_OBJC_ROOT_CLASS = YES_ERROR;
				CLANG_WARN_QUOTED_INCLUDE_IN_FRAMEWORK_HEADER = YES;
				CLANG_WARN_RANGE_LOOP_ANALYSIS = YES;
				CLANG_WARN_STRICT_PROTOTYPES = YES;
				CLANG_WARN_SUSPICIOUS_MOVE = YES;
				CLANG_WARN_UNGUARDED_AVAILABILITY = YES_AGGRESSIVE;
				CLANG_WARN_UNREACHABLE_CODE = YES;
				CLANG_WARN__DUPLICATE_METHOD_MATCH = YES;
				COPY_PHASE_STRIP = NO;
				DEBUG_INFORMATION_FORMAT = dwarf;
				ENABLE_STRICT_OBJC_MSGSEND = YES;
				ENABLE_TESTABILITY = YES;
				GCC_C_LANGUAGE_STANDARD = gnu11;
				GCC_DYNAMIC_NO_PIC = NO;
				GCC_NO_COMMON_BLOCKS = YES;
				GCC_OPTIMIZATION_LEVEL = 0;
				GCC_PREPROCESSOR_DEFINITIONS = (
					"DEBUG=1",
					"$(inherited)",
				);
				GCC_WARN_64_TO_32_BIT_CONVERSION = YES;
				GCC_WARN_ABOUT_RETURN_TYPE = YES_ERROR;
				GCC_WARN_UNDECLARED_SELECTOR = YES;
				GCC_WARN_UNINITIALIZED_AUTOS = YES_AGGRESSIVE;
				GCC_WARN_UNUSED_FUNCTION = YES;
				GCC_WARN_UNUSED_VARIABLE = YES;
				IPHONEOS_DEPLOYMENT_TARGET = 16.2;
				MTL_ENABLE_DEBUG_INFO = INCLUDE_SOURCE;
				MTL_FAST_MATH = YES;
				ONLY_ACTIVE_ARCH = YES;
				SDKROOT = iphoneos;
				SWIFT_ACTIVE_COMPILATION_CONDITIONS = DEBUG;
				SWIFT_OPTIMIZATION_LEVEL = "-Onone";
			};
			name = Debug;
		};
		F0AC911E29D66161002177DE /* Release */ = {
			isa = XCBuildConfiguration;
			buildSettings = {
				ALWAYS_SEARCH_USER_PATHS = NO;
				CLANG_ANALYZER_NONNULL = YES;
				CLANG_ANALYZER_NUMBER_OBJECT_CONVERSION = YES_AGGRESSIVE;
				CLANG_CXX_LANGUAGE_STANDARD = "gnu++20";
				CLANG_ENABLE_MODULES = YES;
				CLANG_ENABLE_OBJC_ARC = YES;
				CLANG_ENABLE_OBJC_WEAK = YES;
				CLANG_WARN_BLOCK_CAPTURE_AUTORELEASING = YES;
				CLANG_WARN_BOOL_CONVERSION = YES;
				CLANG_WARN_COMMA = YES;
				CLANG_WARN_CONSTANT_CONVERSION = YES;
				CLANG_WARN_DEPRECATED_OBJC_IMPLEMENTATIONS = YES;
				CLANG_WARN_DIRECT_OBJC_ISA_USAGE = YES_ERROR;
				CLANG_WARN_DOCUMENTATION_COMMENTS = YES;
				CLANG_WARN_EMPTY_BODY = YES;
				CLANG_WARN_ENUM_CONVERSION = YES;
				CLANG_WARN_INFINITE_RECURSION = YES;
				CLANG_WARN_INT_CONVERSION = YES;
				CLANG_WARN_NON_LITERAL_NULL_CONVERSION = YES;
				CLANG_WARN_OBJC_IMPLICIT_RETAIN_SELF = YES;
				CLANG_WARN_OBJC_LITERAL_CONVERSION = YES;
				CLANG_WARN_OBJC_ROOT_CLASS = YES_ERROR;
				CLANG_WARN_QUOTED_INCLUDE_IN_FRAMEWORK_HEADER = YES;
				CLANG_WARN_RANGE_LOOP_ANALYSIS = YES;
				CLANG_WARN_STRICT_PROTOTYPES = YES;
				CLANG_WARN_SUSPICIOUS_MOVE = YES;
				CLANG_WARN_UNGUARDED_AVAILABILITY = YES_AGGRESSIVE;
				CLANG_WARN_UNREACHABLE_CODE = YES;
				CLANG_WARN__DUPLICATE_METHOD_MATCH = YES;
				COPY_PHASE_STRIP = NO;
				DEBUG_INFORMATION_FORMAT = "dwarf-with-dsym";
				ENABLE_NS_ASSERTIONS = NO;
				ENABLE_STRICT_OBJC_MSGSEND = YES;
				GCC_C_LANGUAGE_STANDARD = gnu11;
				GCC_NO_COMMON_BLOCKS = YES;
				GCC_WARN_64_TO_32_BIT_CONVERSION = YES;
				GCC_WARN_ABOUT_RETURN_TYPE = YES_ERROR;
				GCC_WARN_UNDECLARED_SELECTOR = YES;
				GCC_WARN_UNINITIALIZED_AUTOS = YES_AGGRESSIVE;
				GCC_WARN_UNUSED_FUNCTION = YES;
				GCC_WARN_UNUSED_VARIABLE = YES;
				IPHONEOS_DEPLOYMENT_TARGET = 16.2;
				MTL_ENABLE_DEBUG_INFO = NO;
				MTL_FAST_MATH = YES;
				SDKROOT = iphoneos;
				SWIFT_COMPILATION_MODE = wholemodule;
				SWIFT_OPTIMIZATION_LEVEL = "-O";
				VALIDATE_PRODUCT = YES;
			};
			name = Release;
		};
		F0AC912029D66161002177DE /* Debug */ = {
			isa = XCBuildConfiguration;
			buildSettings = {
				ASSETCATALOG_COMPILER_APPICON_NAME = AppIcon;
				ASSETCATALOG_COMPILER_GLOBAL_ACCENT_COLOR_NAME = AccentColor;
				CODE_SIGN_STYLE = Automatic;
				CURRENT_PROJECT_VERSION = 1;
				DEVELOPMENT_TEAM = NJJ9RPZ7XR;
				GENERATE_INFOPLIST_FILE = YES;
				INFOPLIST_FILE = RickMortyWithoutSB/Info.plist;
				INFOPLIST_KEY_UIApplicationSupportsIndirectInputEvents = YES;
				INFOPLIST_KEY_UILaunchStoryboardName = LaunchScreen;
				INFOPLIST_KEY_UIMainStoryboardFile = Main;
				INFOPLIST_KEY_UISupportedInterfaceOrientations_iPad = "UIInterfaceOrientationPortrait UIInterfaceOrientationPortraitUpsideDown UIInterfaceOrientationLandscapeLeft UIInterfaceOrientationLandscapeRight";
				INFOPLIST_KEY_UISupportedInterfaceOrientations_iPhone = "UIInterfaceOrientationPortrait UIInterfaceOrientationLandscapeLeft UIInterfaceOrientationLandscapeRight";
				LD_RUNPATH_SEARCH_PATHS = (
					"$(inherited)",
					"@executable_path/Frameworks",
				);
				MARKETING_VERSION = 1.0;
				PRODUCT_BUNDLE_IDENTIFIER = com.yunusberdibekk.RickMortyWithoutSB;
				PRODUCT_NAME = "$(TARGET_NAME)";
				SWIFT_EMIT_LOC_STRINGS = YES;
				SWIFT_VERSION = 5.0;
				TARGETED_DEVICE_FAMILY = "1,2";
			};
			name = Debug;
		};
		F0AC912129D66161002177DE /* Release */ = {
			isa = XCBuildConfiguration;
			buildSettings = {
				ASSETCATALOG_COMPILER_APPICON_NAME = AppIcon;
				ASSETCATALOG_COMPILER_GLOBAL_ACCENT_COLOR_NAME = AccentColor;
				CODE_SIGN_STYLE = Automatic;
				CURRENT_PROJECT_VERSION = 1;
				DEVELOPMENT_TEAM = NJJ9RPZ7XR;
				GENERATE_INFOPLIST_FILE = YES;
				INFOPLIST_FILE = RickMortyWithoutSB/Info.plist;
				INFOPLIST_KEY_UIApplicationSupportsIndirectInputEvents = YES;
				INFOPLIST_KEY_UILaunchStoryboardName = LaunchScreen;
				INFOPLIST_KEY_UIMainStoryboardFile = Main;
				INFOPLIST_KEY_UISupportedInterfaceOrientations_iPad = "UIInterfaceOrientationPortrait UIInterfaceOrientationPortraitUpsideDown UIInterfaceOrientationLandscapeLeft UIInterfaceOrientationLandscapeRight";
				INFOPLIST_KEY_UISupportedInterfaceOrientations_iPhone = "UIInterfaceOrientationPortrait UIInterfaceOrientationLandscapeLeft UIInterfaceOrientationLandscapeRight";
				LD_RUNPATH_SEARCH_PATHS = (
					"$(inherited)",
					"@executable_path/Frameworks",
				);
				MARKETING_VERSION = 1.0;
				PRODUCT_BUNDLE_IDENTIFIER = com.yunusberdibekk.RickMortyWithoutSB;
				PRODUCT_NAME = "$(TARGET_NAME)";
				SWIFT_EMIT_LOC_STRINGS = YES;
				SWIFT_VERSION = 5.0;
				TARGETED_DEVICE_FAMILY = "1,2";
			};
			name = Release;
		};
/* End XCBuildConfiguration section */

/* Begin XCConfigurationList section */
		F0AC910629D6615F002177DE /* Build configuration list for PBXProject "RickMortyWithoutSB" */ = {
			isa = XCConfigurationList;
			buildConfigurations = (
				F0AC911D29D66161002177DE /* Debug */,
				F0AC911E29D66161002177DE /* Release */,
			);
			defaultConfigurationIsVisible = 0;
			defaultConfigurationName = Release;
		};
		F0AC911F29D66161002177DE /* Build configuration list for PBXNativeTarget "RickMortyWithoutSB" */ = {
			isa = XCConfigurationList;
			buildConfigurations = (
				F0AC912029D66161002177DE /* Debug */,
				F0AC912129D66161002177DE /* Release */,
			);
			defaultConfigurationIsVisible = 0;
			defaultConfigurationName = Release;
		};
/* End XCConfigurationList section */

/* Begin XCRemoteSwiftPackageReference section */
		F0AC912229D66449002177DE /* XCRemoteSwiftPackageReference "SnapKit" */ = {
			isa = XCRemoteSwiftPackageReference;
			repositoryURL = "https://github.com/SnapKit/SnapKit.git";
			requirement = {
				kind = upToNextMajorVersion;
				minimumVersion = 5.0.0;
			};
		};
		F0AC913329D67253002177DE /* XCRemoteSwiftPackageReference "Alamofire" */ = {
			isa = XCRemoteSwiftPackageReference;
			repositoryURL = "https://github.com/Alamofire/Alamofire.git";
			requirement = {
				branch = master;
				kind = branch;
			};
		};
		F0AC913629D672AE002177DE /* XCRemoteSwiftPackageReference "AlamofireImage" */ = {
			isa = XCRemoteSwiftPackageReference;
			repositoryURL = "https://github.com/Alamofire/AlamofireImage.git";
			requirement = {
				kind = upToNextMajorVersion;
				minimumVersion = 4.0.0;
			};
		};
/* End XCRemoteSwiftPackageReference section */

/* Begin XCSwiftPackageProductDependency section */
		F0AC912329D66449002177DE /* SnapKit */ = {
			isa = XCSwiftPackageProductDependency;
			package = F0AC912229D66449002177DE /* XCRemoteSwiftPackageReference "SnapKit" */;
			productName = SnapKit;
		};
		F0AC913429D67253002177DE /* Alamofire */ = {
			isa = XCSwiftPackageProductDependency;
			package = F0AC913329D67253002177DE /* XCRemoteSwiftPackageReference "Alamofire" */;
			productName = Alamofire;
		};
		F0AC913729D672AE002177DE /* AlamofireImage */ = {
			isa = XCSwiftPackageProductDependency;
			package = F0AC913629D672AE002177DE /* XCRemoteSwiftPackageReference "AlamofireImage" */;
			productName = AlamofireImage;
		};
/* End XCSwiftPackageProductDependency section */
	};
	rootObject = F0AC910329D6615F002177DE /* Project object */;
}
